
Microsoft Visual Studio Solution File, Format Version 12.00
# Visual Studio 15
VisualStudioVersion = 15.0.28307.1321
MinimumVisualStudioVersion = 10.0.40219.1
Project("{E24C65DC-7377-472B-9ABA-BC803B73C61A}") = "SimpleHTML", "SimpleHTML\", "{ACFC993F-9A2D-4B1C-9110-3544205F7BB0}"
	ProjectSection(WebsiteProperties) = preProject
		TargetFrameworkMoniker = ".NETFramework,Version%3Dv4.6.1"
		Debug.AspNetCompiler.VirtualPath = "/localhost_60621"
		Debug.AspNetCompiler.PhysicalPath = "SimpleHTML\"
		Debug.AspNetCompiler.TargetPath = "PrecompiledWeb\localhost_60621\"
		Debug.AspNetCompiler.Updateable = "true"
		Debug.AspNetCompiler.ForceOverwrite = "true"
		Debug.AspNetCompiler.FixedNames = "false"
		Debug.AspNetCompiler.Debug = "True"
		Release.AspNetCompiler.VirtualPath = "/localhost_60621"
		Release.AspNetCompiler.PhysicalPath = "SimpleHTML\"
		Release.AspNetCompiler.TargetPath = "PrecompiledWeb\localhost_60621\"
		Release.AspNetCompiler.Updateable = "true"
		Release.AspNetCompiler.ForceOverwrite = "true"
		Release.AspNetCompiler.FixedNames = "false"
		Release.AspNetCompiler.Debug = "False"
		VWDPort = "60621"
		SlnRelativePath = "SimpleHTML\"
		DefaultWebSiteLanguage = "Visual C#"
	EndProjectSection
EndProject
Global
	GlobalSection(SolutionConfigurationPlatforms) = preSolution
		Debug|Any CPU = Debug|Any CPU
	EndGlobalSection
	GlobalSection(ProjectConfigurationPlatforms) = postSolution
		{ACFC993F-9A2D-4B1C-9110-3544205F7BB0}.Debug|Any CPU.ActiveCfg = Debug|Any CPU
		{ACFC993F-9A2D-4B1C-9110-3544205F7BB0}.Debug|Any CPU.Build.0 = Debug|Any CPU
	EndGlobalSection
	GlobalSection(SolutionProperties) = preSolution
		HideSolutionNode = FALSE
	EndGlobalSection
	GlobalSection(ExtensibilityGlobals) = postSolution
		SolutionGuid = {2B5376FF-4449-4FC9-99D7-31539CD822BA}
	EndGlobalSection
EndGlobal
